
Microsoft Visual Studio Solution File, Format Version 12.00
# Visual Studio Version 16
VisualStudioVersion = 16.0.30002.166
MinimumVisualStudioVersion = 10.0.40219.1
Project("{9A19103F-16F7-4668-BE54-9A1E7A4F7556}") = "Pololu.Usc", "Polulu.Usc\Pololu.Usc.csproj", "{8C5B1333-264B-4DE8-98B1-5FA6F940350D}"
EndProject
Project("{9A19103F-16F7-4668-BE54-9A1E7A4F7556}") = "Polulu.Usc.Cmd", "Polulu.Usc.Cmd\Polulu.Usc.Cmd.csproj", "{F829586F-2F0D-4565-A0E3-60E067430650}"
EndProject
Global
	GlobalSection(SolutionConfigurationPlatforms) = preSolution
		Debug|Any CPU = Debug|Any CPU
		Release|Any CPU = Release|Any CPU
	EndGlobalSection
	GlobalSection(ProjectConfigurationPlatforms) = postSolution
		{8C5B1333-264B-4DE8-98B1-5FA6F940350D}.Debug|Any CPU.ActiveCfg = Debug|Any CPU
		{8C5B1333-264B-4DE8-98B1-5FA6F940350D}.Debug|Any CPU.Build.0 = Debug|Any CPU
		{8C5B1333-264B-4DE8-98B1-5FA6F940350D}.Release|Any CPU.ActiveCfg = Release|Any CPU
		{8C5B1333-264B-4DE8-98B1-5FA6F940350D}.Release|Any CPU.Build.0 = Release|Any CPU
		{F829586F-2F0D-4565-A0E3-60E067430650}.Debug|Any CPU.ActiveCfg = Debug|Any CPU
		{F829586F-2F0D-4565-A0E3-60E067430650}.Debug|Any CPU.Build.0 = Debug|Any CPU
		{F829586F-2F0D-4565-A0E3-60E067430650}.Release|Any CPU.ActiveCfg = Release|Any CPU
		{F829586F-2F0D-4565-A0E3-60E067430650}.Release|Any CPU.Build.0 = Release|Any CPU
	EndGlobalSection
	GlobalSection(SolutionProperties) = preSolution
		HideSolutionNode = FALSE
	EndGlobalSection
	GlobalSection(ExtensibilityGlobals) = postSolution
		SolutionGuid = {8254EB7F-6A38-4A82-9C3D-83979B0FD55B}
	EndGlobalSection
EndGlobal
